<?xml version="1.0" encoding="utf-8"?>
<Project ToolsVersion="4.0" xmlns="http://schemas.microsoft.com/developer/msbuild/2003">
  <ItemGroup>
    <Filter Include="win">
      <UniqueIdentifier>{47FC5EC4-15EB-E92F-89D7-AFE51CF838A9}</UniqueIdentifier>
    </Filter>
    <Filter Include="synchronization">
      <UniqueIdentifier>{214F8E67-7437-F20E-6191-AECBD38CDFDC}</UniqueIdentifier>
    </Filter>
    <Filter Include="posix">
      <UniqueIdentifier>{111D2AD9-64D0-7241-0260-63641DD69CAE}</UniqueIdentifier>
    </Filter>
    <Filter Include="posix\sys">
      <UniqueIdentifier>{5CB7F297-05CA-36F9-9309-2AE5EA61216A}</UniqueIdentifier>
    </Filter>
    <Filter Include="file">
      <UniqueIdentifier>{7F7C20FF-1646-7CC8-ECF2-D2252F0E5E10}</UniqueIdentifier>
    </Filter>
    <Filter Include="threading">
      <UniqueIdentifier>{08E84E43-86EA-0FF0-2578-3ED14D870CD8}</UniqueIdentifier>
    </Filter>
  </ItemGroup>
  <ItemGroup>
    <ClCompile Include="time.cc"/>
    <ClCompile Include="at_exit.cc"/>
    <ClCompile Include="string_utils_win.cc"/>
    <ClCompile Include="logging.cc"/>
    <ClCompile Include="commandlineflags_reporting.cc"/>
    <ClCompile Include="mutex.cc"/>
    <ClCompile Include="security_utils_win.cc"/>
    <None Include="base.gyp"/>
    <ClCompile Include="stringprintf.cc"/>
    <ClCompile Include="time_win.cc"/>
    <ClCompile Include="sysinfo.cc"/>
    <ClCompile Include="mutex-internal-win.cc"/>
    <ClCompile Include="vlog_is_on.cc"/>
    <ClCompile Include="cpu.cc"/>
    <ClCompile Include="commandlineflags.cc"/>
    <ClCompile Include="win\shellutils.cc">
      <Filter>win</Filter>
    </ClCompile>
    <ClCompile Include="win\security_util_win.cc">
      <Filter>win</Filter>
    </ClCompile>
    <ClCompile Include="win\windows_version.cc">
      <Filter>win</Filter>
    </ClCompile>
    <ClCompile Include="synchronization\waitable_event_win.cc">
      <Filter>synchronization</Filter>
    </ClCompile>
    <ClCompile Include="synchronization\lock_impl_win.cc">
      <Filter>synchronization</Filter>
    </ClCompile>
    <ClCompile Include="synchronization\cancellation_flag.cc">
      <Filter>synchronization</Filter>
    </ClCompile>
    <ClCompile Include="synchronization\lock.cc">
      <Filter>synchronization</Filter>
    </ClCompile>
    <ClCompile Include="posix\unistd.cc">
      <Filter>posix</Filter>
    </ClCompile>
    <ClCompile Include="posix\sys\mman.cc">
      <Filter>posix\sys</Filter>
    </ClCompile>
    <ClCompile Include="file\path_service.cc">
      <Filter>file</Filter>
    </ClCompile>
    <ClCompile Include="file\file_util_win.cc">
      <Filter>file</Filter>
    </ClCompile>
    <ClCompile Include="file\file_path.cc">
      <Filter>file</Filter>
    </ClCompile>
    <ClCompile Include="file\base_paths.cc">
      <Filter>file</Filter>
    </ClCompile>
    <ClCompile Include="file\base_paths_win.cc">
      <Filter>file</Filter>
    </ClCompile>
    <ClCompile Include="threading\platform_thread_win.cc">
      <Filter>threading</Filter>
    </ClCompile>
    <ClCompile Include="threading\thread_collision_warner.cc">
      <Filter>threading</Filter>
    </ClCompile>
  </ItemGroup>
</Project>
